
Microsoft Visual Studio Solution File, Format Version 12.00
# Visual Studio 15
VisualStudioVersion = 15.0.27004.2002
MinimumVisualStudioVersion = 10.0.40219.1
Project("{FAE04EC0-301F-11D3-BF4B-00C04F79EFBC}") = "ADOBJECTS_SERVICE", "ADOBJECTS_SERVICE\ADOBJECTS_SERVICE.csproj", "{3D60DBB3-B698-44AE-96D6-E2D0C73693A7}"
EndProject
Project("{FAE04EC0-301F-11D3-BF4B-00C04F79EFBC}") = "ADOBJECTS_DATA", "ADOBJECTS_DATA\ADOBJECTS_DATA.csproj", "{88213904-29A0-4733-B9EF-FBD650EB01F9}"
EndProject
Global
	GlobalSection(SolutionConfigurationPlatforms) = preSolution
		Debug|Any CPU = Debug|Any CPU
		Release|Any CPU = Release|Any CPU
	EndGlobalSection
	GlobalSection(ProjectConfigurationPlatforms) = postSolution
		{3D60DBB3-B698-44AE-96D6-E2D0C73693A7}.Debug|Any CPU.ActiveCfg = Debug|Any CPU
		{3D60DBB3-B698-44AE-96D6-E2D0C73693A7}.Debug|Any CPU.Build.0 = Debug|Any CPU
		{3D60DBB3-B698-44AE-96D6-E2D0C73693A7}.Release|Any CPU.ActiveCfg = Release|Any CPU
		{3D60DBB3-B698-44AE-96D6-E2D0C73693A7}.Release|Any CPU.Build.0 = Release|Any CPU
		{88213904-29A0-4733-B9EF-FBD650EB01F9}.Debug|Any CPU.ActiveCfg = Debug|Any CPU
		{88213904-29A0-4733-B9EF-FBD650EB01F9}.Debug|Any CPU.Build.0 = Debug|Any CPU
		{88213904-29A0-4733-B9EF-FBD650EB01F9}.Release|Any CPU.ActiveCfg = Release|Any CPU
		{88213904-29A0-4733-B9EF-FBD650EB01F9}.Release|Any CPU.Build.0 = Release|Any CPU
	EndGlobalSection
	GlobalSection(SolutionProperties) = preSolution
		HideSolutionNode = FALSE
	EndGlobalSection
	GlobalSection(ExtensibilityGlobals) = postSolution
		SolutionGuid = {0DEE7250-7B0F-40CF-A8DA-6E9F87AB92BE}
	EndGlobalSection
EndGlobal
